
Microsoft Visual Studio Solution File, Format Version 12.00
# Visual Studio Version 16
VisualStudioVersion = 16.0.29418.71
MinimumVisualStudioVersion = 10.0.40219.1
Project("{FAE04EC0-301F-11D3-BF4B-00C04F79EFBC}") = "AbstractFactory", "AbstractFactory\AbstractFactory.csproj", "{0CE4BA3F-462D-4A09-8170-39D39AC15753}"
EndProject
Global
	GlobalSection(SolutionConfigurationPlatforms) = preSolution
		Debug|Any CPU = Debug|Any CPU
		Release|Any CPU = Release|Any CPU
	EndGlobalSection
	GlobalSection(ProjectConfigurationPlatforms) = postSolution
		{0CE4BA3F-462D-4A09-8170-39D39AC15753}.Debug|Any CPU.ActiveCfg = Debug|Any CPU
		{0CE4BA3F-462D-4A09-8170-39D39AC15753}.Debug|Any CPU.Build.0 = Debug|Any CPU
		{0CE4BA3F-462D-4A09-8170-39D39AC15753}.Release|Any CPU.ActiveCfg = Release|Any CPU
		{0CE4BA3F-462D-4A09-8170-39D39AC15753}.Release|Any CPU.Build.0 = Release|Any CPU
	EndGlobalSection
	GlobalSection(SolutionProperties) = preSolution
		HideSolutionNode = FALSE
	EndGlobalSection
	GlobalSection(ExtensibilityGlobals) = postSolution
		SolutionGuid = {0EAC0410-D02A-429E-99B2-28BFC7087394}
	EndGlobalSection
EndGlobal
