
Microsoft Visual Studio Solution File, Format Version 12.00
# Visual Studio Version 16
VisualStudioVersion = 16.0.29418.71
MinimumVisualStudioVersion = 10.0.40219.1
Project("{FAE04EC0-301F-11D3-BF4B-00C04F79EFBC}") = "StokTakip", "StokTakip\StokTakip.csproj", "{76BB5B15-B587-484D-8907-B728BB3B46F2}"
EndProject
Global
	GlobalSection(SolutionConfigurationPlatforms) = preSolution
		Debug|Any CPU = Debug|Any CPU
		Release|Any CPU = Release|Any CPU
	EndGlobalSection
	GlobalSection(ProjectConfigurationPlatforms) = postSolution
		{76BB5B15-B587-484D-8907-B728BB3B46F2}.Debug|Any CPU.ActiveCfg = Debug|Any CPU
		{76BB5B15-B587-484D-8907-B728BB3B46F2}.Debug|Any CPU.Build.0 = Debug|Any CPU
		{76BB5B15-B587-484D-8907-B728BB3B46F2}.Release|Any CPU.ActiveCfg = Release|Any CPU
		{76BB5B15-B587-484D-8907-B728BB3B46F2}.Release|Any CPU.Build.0 = Release|Any CPU
	EndGlobalSection
	GlobalSection(SolutionProperties) = preSolution
		HideSolutionNode = FALSE
	EndGlobalSection
	GlobalSection(ExtensibilityGlobals) = postSolution
		SolutionGuid = {3FB1B3DB-4A6E-4B86-9160-DD2E4FE2D7F1}
	EndGlobalSection
EndGlobal
